{
  "version": 4,
  "terraform_version": "1.9.8",
  "serial": 25,
  "lineage": "35bffaf0-62ba-9a98-0afd-83a83894b019",
  "outputs": {},
  "resources": [
    {
      "mode": "managed",
      "type": "docker_container",
      "name": "ubuntu_cont",
      "provider": "provider[\"registry.terraform.io/kreuzwerker/docker\"]",
      "instances": [
        {
          "schema_version": 2,
          "attributes": {
            "attach": false,
            "bridge": "",
            "capabilities": [],
            "cgroupns_mode": null,
            "command": [
              "sh",
              "-c",
              "sleep infinity"
            ],
            "container_logs": null,
            "container_read_refresh_timeout_milliseconds": 15000,
            "cpu_set": "",
            "cpu_shares": 0,
            "destroy_grace_seconds": null,
            "devices": [],
            "dns": [],
            "dns_opts": [],
            "dns_search": [],
            "domainname": "",
            "entrypoint": [],
            "env": [],
            "exit_code": null,
            "gpus": null,
            "group_add": [],
            "healthcheck": [],
            "host": [],
            "hostname": "c1fb1063b586",
            "id": "c1fb1063b58637f1def6da7e2f2f588ad0b5b87e7a09325ad95de5f3834d7e47",
            "image": "sha256:59ab366372d56772eb54e426183435e6b0642152cb449ec7ab52473af8ca6e3f",
            "init": false,
            "ipc_mode": "private",
            "labels": [],
            "log_driver": "json-file",
            "log_opts": {},
            "logs": false,
            "max_retry_count": 0,
            "memory": 0,
            "memory_swap": 0,
            "mounts": [],
            "must_run": true,
            "name": "ubuntu_cont",
            "network_data": [
              {
                "gateway": "172.17.0.1",
                "global_ipv6_address": "",
                "global_ipv6_prefix_length": 0,
                "ip_address": "172.17.0.2",
                "ip_prefix_length": 16,
                "ipv6_gateway": "",
                "mac_address": "02:42:ac:11:00:02",
                "network_name": "bridge"
              }
            ],
            "network_mode": "bridge",
            "networks_advanced": [],
            "pid_mode": "",
            "ports": [
              {
                "external": 8000,
                "internal": 8000,
                "ip": "0.0.0.0",
                "protocol": "tcp"
              }
            ],
            "privileged": false,
            "publish_all_ports": false,
            "read_only": false,
            "remove_volumes": true,
            "restart": "no",
            "rm": false,
            "runtime": "runc",
            "security_opts": [],
            "shm_size": 64,
            "start": true,
            "stdin_open": false,
            "stop_signal": "",
            "stop_timeout": 0,
            "storage_opts": {},
            "sysctls": {},
            "tmpfs": {},
            "tty": false,
            "ulimit": [],
            "upload": [],
            "user": "",
            "userns_mode": "",
            "volumes": [],
            "wait": false,
            "wait_timeout": 60,
            "working_dir": ""
          },
          "sensitive_attributes": [],
          "private": "eyJzY2hlbWFfdmVyc2lvbiI6IjIifQ==",
          "dependencies": [
            "docker_image.ubuntu_image"
          ]
        }
      ]
    },
    {
      "mode": "managed",
      "type": "docker_image",
      "name": "ubuntu_image",
      "provider": "provider[\"registry.terraform.io/kreuzwerker/docker\"]",
      "instances": [
        {
          "schema_version": 0,
          "attributes": {
            "build": [],
            "force_remove": null,
            "id": "sha256:59ab366372d56772eb54e426183435e6b0642152cb449ec7ab52473af8ca6e3fubuntu:latest",
            "image_id": "sha256:59ab366372d56772eb54e426183435e6b0642152cb449ec7ab52473af8ca6e3f",
            "keep_locally": null,
            "name": "ubuntu:latest",
            "platform": null,
            "pull_triggers": null,
            "repo_digest": "ubuntu@sha256:99c35190e22d294cdace2783ac55effc69d32896daaa265f0bbedbcde4fbe3e5",
            "triggers": null
          },
          "sensitive_attributes": [],
          "private": "bnVsbA=="
        }
      ]
    },
    {
      "mode": "managed",
      "type": "null_resource",
      "name": "ansible_setup",
      "provider": "provider[\"registry.terraform.io/hashicorp/null\"]",
      "instances": [
        {
          "status": "tainted",
          "schema_version": 0,
          "attributes": {
            "id": "2938782547088868864",
            "triggers": null
          },
          "sensitive_attributes": [],
          "dependencies": [
            "docker_container.ubuntu_cont",
            "docker_image.ubuntu_image"
          ]
        }
      ]
    }
  ],
  "check_results": null
}
